{
  "name": "fake-review",
  "version": "1.0.0",
  "lockfileVersion": 3,
  "requires": true,
  "packages": {
    "": {
      "name": "fake-review",
      "version": "1.0.0",
      "license": "ISC",
      "dependencies": {
        "crypto-js": "^4.1.0",
        "node-fetch": "^1.0.0",
        "trim-newlines": "^3.0.0"
      }
    },
    "node_modules/crypto-js": {
      "version": "4.1.0",
      "resolved": "https://registry.npmjs.org/crypto-js/-/crypto-js-4.1.0.tgz",
      "integrity": "sha512-yNL+QMHnQU9/G6UtkXfscd+pLbdr6R7fvtWwXZJjWBmBiynuj1mdKT5E2o4gt1uvzt3Roe4YA+KkETLgGUu3wA=="
    },
    "node_modules/encoding": {
      "version": "0.1.13",
      "resolved": "https://registry.npmjs.org/encoding/-/encoding-0.1.13.tgz",
      "integrity": "sha512-ETBauow1T35Y/WZMkio9jiM0Z5xjHHmJ4XmjZOq1l/dXz3lr2sRn87nJy20RupqSh1F2m3HHPSp8ShIPQJrJ3A==",
      "dependencies": {
        "iconv-lite": "^0.6.2"
      }
    },
    "node_modules/iconv-lite": {
      "version": "0.6.3",
      "resolved": "https://registry.npmjs.org/iconv-lite/-/iconv-lite-0.6.3.tgz",
      "integrity": "sha512-4fCk79wshMdzMp2rH06qWrJE4iolqLhCUH+OiuIgU++RB0+94NlDL81atO7GX55uUKueo0txHNtvEyI6D7WdMw==",
      "dependencies": {
        "safer-buffer": ">= 2.1.2 < 3.0.0"
      },
      "engines": {
        "node": ">=0.10.0"
      }
    },
    "node_modules/node-fetch": {
      "version": "1.0.0",
      "resolved": "https://registry.npmjs.org/node-fetch/-/node-fetch-1.0.0.tgz",
      "integrity": "sha512-B3bapv16pfofkmAiYfoMZMnEzXKDjpMjf+tFWrAy9QB5unqoykArShcjT7sL4WZl4FKa6lKMFVoWL9sWtRPcGg==",
      "dependencies": {
        "encoding": "^0.1.11"
      }
    },
    "node_modules/safer-buffer": {
      "version": "2.1.2",
      "resolved": "https://registry.npmjs.org/safer-buffer/-/safer-buffer-2.1.2.tgz",
      "integrity": "sha512-YZo3K82SD7Riyi0E1EQPojLz7kpepnSQI9IyPbHHg1XXXevb5dJI7tpyN2ADxGcQbHG7vcyRHk0cbwqcQriUtg=="
    },
    "node_modules/trim-newlines": {
      "version": "3.0.0",
      "resolved": "https://registry.npmjs.org/trim-newlines/-/trim-newlines-3.0.0.tgz",
      "integrity": "sha512-C4+gOpvmxaSMKuEf9Qc134F1ZuOHVXKRbtEflf4NTtuuJDEIJ9p5PXsalL8SkeRw+qit1Mo+yuvMPAKwWg/1hA==",
      "engines": {
        "node": ">=8"
      }
    }
  }
}
